
Microsoft Visual Studio Solution File, Format Version 12.00
# Visual Studio Version 16
VisualStudioVersion = 16.0.28922.388
MinimumVisualStudioVersion = 10.0.40219.1
Project("{9A19103F-16F7-4668-BE54-9A1E7A4F7556}") = "KL.AspNetCore.BasicAuthentication", "KL.AspNetCore.BasicAuthentication\KL.AspNetCore.BasicAuthentication.csproj", "{84914723-5B6A-4EDC-B097-D3C28A47CEA5}"
EndProject
Global
	GlobalSection(SolutionConfigurationPlatforms) = preSolution
		Debug|Any CPU = Debug|Any CPU
		Release|Any CPU = Release|Any CPU
	EndGlobalSection
	GlobalSection(ProjectConfigurationPlatforms) = postSolution
		{84914723-5B6A-4EDC-B097-D3C28A47CEA5}.Debug|Any CPU.ActiveCfg = Debug|Any CPU
		{84914723-5B6A-4EDC-B097-D3C28A47CEA5}.Debug|Any CPU.Build.0 = Debug|Any CPU
		{84914723-5B6A-4EDC-B097-D3C28A47CEA5}.Release|Any CPU.ActiveCfg = Release|Any CPU
		{84914723-5B6A-4EDC-B097-D3C28A47CEA5}.Release|Any CPU.Build.0 = Release|Any CPU
	EndGlobalSection
	GlobalSection(SolutionProperties) = preSolution
		HideSolutionNode = FALSE
	EndGlobalSection
	GlobalSection(ExtensibilityGlobals) = postSolution
		SolutionGuid = {3E9DEF86-6ABA-41AA-9626-5767C3C28BE4}
	EndGlobalSection
EndGlobal
